dependencies:
  abobija/rc522:
    component_hash: 041887e58a81f8261aa370bd5f62b54edfe0396e226fb565ae14ce41af0ad891
    dependencies:
    - name: idf
      require: private
      version: ^5.0
    source:
      registry_url: https://components.espressif.com/
      type: service
    version: 3.4.3
  idf:
    source:
      type: idf
    version: 5.5.4
direct_dependencies:
- abobija/rc522
- idf
manifest_hash: 7964e537f9f14cd4929df75ab388ca7c280fae5e92714aec4376581f1a92c9e6
target: esp32
version: 2.0.0
